{
    "_meta": {
        "hash": {
            "sha256": "920f44dbeea11cb82ccdd3415c8279598ac948db7a3ea24dce954ae0163885b7"
        },
        "pipfile-spec": 6,
        "requires": {
            "python_version": "3.9"
        },
        "sources": [
            {
                "name": "pypi",
                "url": "https://pypi.org/simple",
                "verify_ssl": true
            }
        ]
    },
    "default": {},
    "develop": {}
}
