{
    "_meta": {
        "hash": {
            "sha256": "51e380ff251dc7b74ecd3947156713559637398532d03dfae0db0d695899b283"
        },
        "pipfile-spec": 6,
        "requires": {
            "python_version": "3.9"
        },
        "sources": [
            {
                "name": "pypi",
                "url": "https://pypi.org/simple",
                "verify_ssl": true
            }
        ]
    },
    "default": {
        "mpmath": {
            "hashes": [
                "sha256:604bc21bd22d2322a177c73bdb573994ef76e62edd595d17e00aff24b0667e5c",
                "sha256:79ffb45cf9f4b101a807595bcb3e72e0396202e0b1d25d689134b48c4216a81a"
            ],
            "version": "==1.2.1"
        },
        "sympy": {
            "hashes": [
                "sha256:8bc5de4608b7aa4e7ffd1b25452ae87ccc5f6ca667c661aafb854a1ade337d0c",
                "sha256:c7a880e229df96759f955d4f3970d4cabce79f60f5b18830c08b90ce77cd5fdc"
            ],
            "index": "pypi",
            "version": "==1.9"
        }
    },
    "develop": {}
}
